{
  "name": "projekt-x",
  "version": "1.0.0",
  "lockfileVersion": 3,
  "requires": true,
  "packages": {
    "": {
      "name": "projekt-x",
      "version": "1.0.0",
      "license": "ISC",
      "devDependencies": {
        "@js-draw/material-icons": "^1.30.0",
        "js-draw": "^1.30.0"
      }
    },
    "node_modules/@js-draw/material-icons": {
      "version": "1.30.0",
      "resolved": "https://registry.npmjs.org/@js-draw/material-icons/-/material-icons-1.30.0.tgz",
      "integrity": "sha512-GT9LcD0R/HBK1lxgbqsAB0ILXNP4DD//qteasVQ+B0BmcmkuSBd0rxm66zP63MU8r+UDbi4kAGjkFUl9OJfJwQ==",
      "dev": true,
      "license": "(MIT AND Apache-2.0)",
      "peerDependencies": {
        "js-draw": "^1.0.1"
      }
    },
    "node_modules/@js-draw/math": {
      "version": "1.30.0",
      "resolved": "https://registry.npmjs.org/@js-draw/math/-/math-1.30.0.tgz",
      "integrity": "sha512-2mP22OOdfoCOLLHOw3F/cGNHBQ6KJ91BjuOXZdpczr65/e6UfGHGV/IuqXhfbFQdD4QBCevCivnEKcBbZuiCww==",
      "dev": true,
      "license": "MIT",
      "dependencies": {
        "bezier-js": "6.1.3"
      }
    },
    "node_modules/@melloware/coloris": {
      "version": "0.22.0",
      "resolved": "https://registry.npmjs.org/@melloware/coloris/-/coloris-0.22.0.tgz",
      "integrity": "sha512-i06nJM0xQrgOkLFUi8d+8mrJjvFgPrU/nTM9vtRGip/T6yHUFIrNV7QgCyps3dBkKVRP/CeJzAeAIvJBSTSbFQ==",
      "dev": true,
      "license": "MIT"
    },
    "node_modules/bezier-js": {
      "version": "6.1.3",
      "resolved": "https://registry.npmjs.org/bezier-js/-/bezier-js-6.1.3.tgz",
      "integrity": "sha512-VPFvkyO98oCJ1Tsi+bFBrKEWLdefAj4DJVaWp3xTEsdCbunC7Pt/nTeIgu/UdskBNcmHv8TOfsgdMZb1GsICmg==",
      "dev": true,
      "license": "MIT",
      "funding": {
        "type": "individual",
        "url": "https://github.com/Pomax/bezierjs/blob/master/FUNDING.md"
      }
    },
    "node_modules/js-draw": {
      "version": "1.30.0",
      "resolved": "https://registry.npmjs.org/js-draw/-/js-draw-1.30.0.tgz",
      "integrity": "sha512-LVlQl+vyrDJ5qwh43+rnpO4VnZOSqm+03JhpVUdb2hF/rnHX9kNRvlWUCuGVoJYwPltBPrugEN3OuQFML+SxXw==",
      "dev": true,
      "license": "MIT",
      "dependencies": {
        "@js-draw/math": "^1.30.0",
        "@melloware/coloris": "0.22.0"
      }
    }
  }
}
